
Microsoft Visual Studio Solution File, Format Version 12.00
# Visual Studio 2017
Project("{FAE04EC0-301F-11D3-BF4B-00C04F79EFBC}") = "Leap", "Leap.csproj", "{CC139BE9-31F8-42A3-82CD-6EE667D87E74}"
EndProject
Global
	GlobalSection(SolutionConfigurationPlatforms) = preSolution
		Debug|Any CPU = Debug|Any CPU
		Release|Any CPU = Release|Any CPU
	EndGlobalSection
	GlobalSection(ProjectConfigurationPlatforms) = postSolution
		{CC139BE9-31F8-42A3-82CD-6EE667D87E74}.Debug|Any CPU.ActiveCfg = Debug|Any CPU
		{CC139BE9-31F8-42A3-82CD-6EE667D87E74}.Debug|Any CPU.Build.0 = Debug|Any CPU
		{CC139BE9-31F8-42A3-82CD-6EE667D87E74}.Release|Any CPU.ActiveCfg = Release|Any CPU
		{CC139BE9-31F8-42A3-82CD-6EE667D87E74}.Release|Any CPU.Build.0 = Release|Any CPU
	EndGlobalSection
EndGlobal
